// !$*UTF8*$!
{
	archiveVersion = 1;
	classes = {
	};
	objectVersion = 46;
	objects = {

/* Begin PBXBuildFile section */
		7B5279FA21631C607ACAC1C7 /* Pods_PureFocus.framework in Frameworks */ = {isa = PBXBuildFile; fileRef = 884FD051A617D23C4D2CF3F3 /* Pods_PureFocus.framework */; };
		86F850B472C858114DCA3676 /* Pods_PureFocusTests.framework in Frameworks */ = {isa = PBXBuildFile; fileRef = 3CA304FB2BAB9384A7DE40A4 /* Pods_PureFocusTests.framework */; };
		C5350B461F7B5C5B006853F6 /* SyncedDeviceCell.swift in Sources */ = {isa = PBXBuildFile; fileRef = C5350B451F7B5C5B006853F6 /* SyncedDeviceCell.swift */; };
		C53616C51F47686A004DDA48 /* AppDelegate.swift in Sources */ = {isa = PBXBuildFile; fileRef = C53616C41F47686A004DDA48 /* AppDelegate.swift */; };
		C53616CF1F47686A004DDA48 /* LaunchScreen.storyboard in Resources */ = {isa = PBXBuildFile; fileRef = C53616CD1F47686A004DDA48 /* LaunchScreen.storyboard */; };
		C53616DA1F47686A004DDA48 /* PureFocusTests.swift in Sources */ = {isa = PBXBuildFile; fileRef = C53616D91F47686A004DDA48 /* PureFocusTests.swift */; };
		C53616E51F47691E004DDA48 /* Main.storyboard in Resources */ = {isa = PBXBuildFile; fileRef = C53616E41F47691E004DDA48 /* Main.storyboard */; };
		C53616E71F476935004DDA48 /* MainViewController.swift in Sources */ = {isa = PBXBuildFile; fileRef = C53616E61F476935004DDA48 /* MainViewController.swift */; };
		C53616E91F476960004DDA48 /* Assets.xcassets in Resources */ = {isa = PBXBuildFile; fileRef = C53616E81F476960004DDA48 /* Assets.xcassets */; };
		C53616F11F4769BF004DDA48 /* CallDirectoryHandler.swift in Sources */ = {isa = PBXBuildFile; fileRef = C53616F01F4769BF004DDA48 /* CallDirectoryHandler.swift */; };
		C53616F51F4769BF004DDA48 /* CallManager.appex in Embed App Extensions */ = {isa = PBXBuildFile; fileRef = C53616EE1F4769BF004DDA48 /* CallManager.appex */; settings = {ATTRIBUTES = (RemoveHeadersOnCopy, ); }; };
		C53616FB1F476AC1004DDA48 /* LOGO Blue.png in Resources */ = {isa = PBXBuildFile; fileRef = C53616FA1F476AC1004DDA48 /* LOGO Blue.png */; };
		C53616FD1F476AD9004DDA48 /* 911.png in Resources */ = {isa = PBXBuildFile; fileRef = C53616FC1F476AD9004DDA48 /* 911.png */; };
		C55498941F47745400103CE8 /* BeaconViewController.swift in Sources */ = {isa = PBXBuildFile; fileRef = C55498931F47745400103CE8 /* BeaconViewController.swift */; };
		C5617A8E1F75D27F001AA52B /* Alamo.swift in Sources */ = {isa = PBXBuildFile; fileRef = C5617A8D1F75D27F001AA52B /* Alamo.swift */; };
		C5617A901F767F99001AA52B /* BluetoothDevice.swift in Sources */ = {isa = PBXBuildFile; fileRef = C5617A8F1F767F99001AA52B /* BluetoothDevice.swift */; };
		C5617A921F78160A001AA52B /* User.swift in Sources */ = {isa = PBXBuildFile; fileRef = C5617A911F78160A001AA52B /* User.swift */; };
		C5617A941F798733001AA52B /* AppState.swift in Sources */ = {isa = PBXBuildFile; fileRef = C5617A931F798733001AA52B /* AppState.swift */; };
		C5617A961F7999E5001AA52B /* WhiteListVC.swift in Sources */ = {isa = PBXBuildFile; fileRef = C5617A951F7999E5001AA52B /* WhiteListVC.swift */; };
		C5635CE21F82CA73001FBEF4 /* Beacon.storyboard in Resources */ = {isa = PBXBuildFile; fileRef = C5635CE11F82CA73001FBEF4 /* Beacon.storyboard */; };
		C5635CE41F83C319001FBEF4 /* Account.storyboard in Resources */ = {isa = PBXBuildFile; fileRef = C5635CE31F83C319001FBEF4 /* Account.storyboard */; };
		C5635CE61F83C3A9001FBEF4 /* AccountViewController.swift in Sources */ = {isa = PBXBuildFile; fileRef = C5635CE51F83C3A9001FBEF4 /* AccountViewController.swift */; };
		C5635CE81F83C4DA001FBEF4 /* Extensions.swift in Sources */ = {isa = PBXBuildFile; fileRef = C5635CE71F83C4DA001FBEF4 /* Extensions.swift */; };
/* End PBXBuildFile section */

/* Begin PBXContainerItemProxy section */
		C53616D61F47686A004DDA48 /* PBXContainerItemProxy */ = {
			isa = PBXContainerItemProxy;
			containerPortal = C53616B91F47686A004DDA48 /* Project object */;
			proxyType = 1;
			remoteGlobalIDString = C53616C01F47686A004DDA48;
			remoteInfo = PureFocus;
		};
		C53616F31F4769BF004DDA48 /* PBXContainerItemProxy */ = {
			isa = PBXContainerItemProxy;
			containerPortal = C53616B91F47686A004DDA48 /* Project object */;
			proxyType = 1;
			remoteGlobalIDString = C53616ED1F4769BF004DDA48;
			remoteInfo = CallManager;
		};
/* End PBXContainerItemProxy section */

/* Begin PBXCopyFilesBuildPhase section */
		C53616F91F4769BF004DDA48 /* Embed App Extensions */ = {
			isa = PBXCopyFilesBuildPhase;
			buildActionMask = 2147483647;
			dstPath = "";
			dstSubfolderSpec = 13;
			files = (
				C53616F51F4769BF004DDA48 /* CallManager.appex in Embed App Extensions */,
			);
			name = "Embed App Extensions";
			runOnlyForDeploymentPostprocessing = 0;
		};
/* End PBXCopyFilesBuildPhase section */

/* Begin PBXFileReference section */
		1A5CA97BAEE4A7275EA68BF9 /* Pods-PureFocusTests.release.xcconfig */ = {isa = PBXFileReference; includeInIndex = 1; lastKnownFileType = text.xcconfig; name = "Pods-PureFocusTests.release.xcconfig"; path = "Pods/Target Support Files/Pods-PureFocusTests/Pods-PureFocusTests.release.xcconfig"; sourceTree = "<group>"; };
		210E143097E2E7FCDDBA95D4 /* Pods-PureFocus.debug.xcconfig */ = {isa = PBXFileReference; includeInIndex = 1; lastKnownFileType = text.xcconfig; name = "Pods-PureFocus.debug.xcconfig"; path = "Pods/Target Support Files/Pods-PureFocus/Pods-PureFocus.debug.xcconfig"; sourceTree = "<group>"; };
		3CA304FB2BAB9384A7DE40A4 /* Pods_PureFocusTests.framework */ = {isa = PBXFileReference; explicitFileType = wrapper.framework; includeInIndex = 0; path = Pods_PureFocusTests.framework; sourceTree = BUILT_PRODUCTS_DIR; };
		69F7F08ECF97C5239834F54F /* Pods-PureFocus.release.xcconfig */ = {isa = PBXFileReference; includeInIndex = 1; lastKnownFileType = text.xcconfig; name = "Pods-PureFocus.release.xcconfig"; path = "Pods/Target Support Files/Pods-PureFocus/Pods-PureFocus.release.xcconfig"; sourceTree = "<group>"; };
		884FD051A617D23C4D2CF3F3 /* Pods_PureFocus.framework */ = {isa = PBXFileReference; explicitFileType = wrapper.framework; includeInIndex = 0; path = Pods_PureFocus.framework; sourceTree = BUILT_PRODUCTS_DIR; };
		C5350B451F7B5C5B006853F6 /* SyncedDeviceCell.swift */ = {isa = PBXFileReference; fileEncoding = 4; lastKnownFileType = sourcecode.swift; path = SyncedDeviceCell.swift; sourceTree = "<group>"; };
		C53616C11F47686A004DDA48 /* PureFocus.app */ = {isa = PBXFileReference; explicitFileType = wrapper.application; includeInIndex = 0; path = PureFocus.app; sourceTree = BUILT_PRODUCTS_DIR; };
		C53616C41F47686A004DDA48 /* AppDelegate.swift */ = {isa = PBXFileReference; lastKnownFileType = sourcecode.swift; path = AppDelegate.swift; sourceTree = "<group>"; };
		C53616CE1F47686A004DDA48 /* Base */ = {isa = PBXFileReference; lastKnownFileType = file.storyboard; name = Base; path = Base.lproj/LaunchScreen.storyboard; sourceTree = "<group>"; };
		C53616D01F47686A004DDA48 /* Info.plist */ = {isa = PBXFileReference; lastKnownFileType = text.plist.xml; path = Info.plist; sourceTree = "<group>"; };
		C53616D51F47686A004DDA48 /* PureFocusTests.xctest */ = {isa = PBXFileReference; explicitFileType = wrapper.cfbundle; includeInIndex = 0; path = PureFocusTests.xctest; sourceTree = BUILT_PRODUCTS_DIR; };
		C53616D91F47686A004DDA48 /* PureFocusTests.swift */ = {isa = PBXFileReference; lastKnownFileType = sourcecode.swift; path = PureFocusTests.swift; sourceTree = "<group>"; };
		C53616DB1F47686A004DDA48 /* Info.plist */ = {isa = PBXFileReference; lastKnownFileType = text.plist.xml; path = Info.plist; sourceTree = "<group>"; };
		C53616E41F47691E004DDA48 /* Main.storyboard */ = {isa = PBXFileReference; fileEncoding = 4; lastKnownFileType = file.storyboard; path = Main.storyboard; sourceTree = "<group>"; };
		C53616E61F476935004DDA48 /* MainViewController.swift */ = {isa = PBXFileReference; fileEncoding = 4; lastKnownFileType = sourcecode.swift; path = MainViewController.swift; sourceTree = "<group>"; };
		C53616E81F476960004DDA48 /* Assets.xcassets */ = {isa = PBXFileReference; lastKnownFileType = folder.assetcatalog; path = Assets.xcassets; sourceTree = "<group>"; };
		C53616EE1F4769BF004DDA48 /* CallManager.appex */ = {isa = PBXFileReference; explicitFileType = "wrapper.app-extension"; includeInIndex = 0; path = CallManager.appex; sourceTree = BUILT_PRODUCTS_DIR; };
		C53616F01F4769BF004DDA48 /* CallDirectoryHandler.swift */ = {isa = PBXFileReference; lastKnownFileType = sourcecode.swift; path = CallDirectoryHandler.swift; sourceTree = "<group>"; };
		C53616F21F4769BF004DDA48 /* Info.plist */ = {isa = PBXFileReference; lastKnownFileType = text.plist.xml; path = Info.plist; sourceTree = "<group>"; };
		C53616FA1F476AC1004DDA48 /* LOGO Blue.png */ = {isa = PBXFileReference; lastKnownFileType = image.png; path = "LOGO Blue.png"; sourceTree = "<group>"; };
		C53616FC1F476AD9004DDA48 /* 911.png */ = {isa = PBXFileReference; lastKnownFileType = image.png; path = 911.png; sourceTree = "<group>"; };
		C55498931F47745400103CE8 /* BeaconViewController.swift */ = {isa = PBXFileReference; fileEncoding = 4; lastKnownFileType = sourcecode.swift; path = BeaconViewController.swift; sourceTree = "<group>"; };
		C5617A8D1F75D27F001AA52B /* Alamo.swift */ = {isa = PBXFileReference; fileEncoding = 4; lastKnownFileType = sourcecode.swift; path = Alamo.swift; sourceTree = "<group>"; };
		C5617A8F1F767F99001AA52B /* BluetoothDevice.swift */ = {isa = PBXFileReference; fileEncoding = 4; lastKnownFileType = sourcecode.swift; path = BluetoothDevice.swift; sourceTree = "<group>"; };
		C5617A911F78160A001AA52B /* User.swift */ = {isa = PBXFileReference; fileEncoding = 4; lastKnownFileType = sourcecode.swift; path = User.swift; sourceTree = "<group>"; };
		C5617A931F798733001AA52B /* AppState.swift */ = {isa = PBXFileReference; fileEncoding = 4; lastKnownFileType = sourcecode.swift; path = AppState.swift; sourceTree = "<group>"; };
		C5617A951F7999E5001AA52B /* WhiteListVC.swift */ = {isa = PBXFileReference; fileEncoding = 4; lastKnownFileType = sourcecode.swift; path = WhiteListVC.swift; sourceTree = "<group>"; };
		C5635CE11F82CA73001FBEF4 /* Beacon.storyboard */ = {isa = PBXFileReference; fileEncoding = 4; lastKnownFileType = file.storyboard; path = Beacon.storyboard; sourceTree = "<group>"; };
		C5635CE31F83C319001FBEF4 /* Account.storyboard */ = {isa = PBXFileReference; fileEncoding = 4; lastKnownFileType = file.storyboard; path = Account.storyboard; sourceTree = "<group>"; };
		C5635CE51F83C3A9001FBEF4 /* AccountViewController.swift */ = {isa = PBXFileReference; fileEncoding = 4; lastKnownFileType = sourcecode.swift; path = AccountViewController.swift; sourceTree = "<group>"; };
		C5635CE71F83C4DA001FBEF4 /* Extensions.swift */ = {isa = PBXFileReference; fileEncoding = 4; lastKnownFileType = sourcecode.swift; path = Extensions.swift; sourceTree = "<group>"; };
		C5F459BB1F6C24EA00586F63 /* PureFocus.entitlements */ = {isa = PBXFileReference; lastKnownFileType = text.plist.entitlements; path = PureFocus.entitlements; sourceTree = "<group>"; };
		FAC323786DA0AC9983D63AC8 /* Pods-PureFocusTests.debug.xcconfig */ = {isa = PBXFileReference; includeInIndex = 1; lastKnownFileType = text.xcconfig; name = "Pods-PureFocusTests.debug.xcconfig"; path = "Pods/Target Support Files/Pods-PureFocusTests/Pods-PureFocusTests.debug.xcconfig"; sourceTree = "<group>"; };
/* End PBXFileReference section */

/* Begin PBXFrameworksBuildPhase section */
		C53616BE1F47686A004DDA48 /* Frameworks */ = {
			isa = PBXFrameworksBuildPhase;
			buildActionMask = 2147483647;
			files = (
				7B5279FA21631C607ACAC1C7 /* Pods_PureFocus.framework in Frameworks */,
			);
			runOnlyForDeploymentPostprocessing = 0;
		};
		C53616D21F47686A004DDA48 /* Frameworks */ = {
			isa = PBXFrameworksBuildPhase;
			buildActionMask = 2147483647;
			files = (
				86F850B472C858114DCA3676 /* Pods_PureFocusTests.framework in Frameworks */,
			);
			runOnlyForDeploymentPostprocessing = 0;
		};
		C53616EB1F4769BF004DDA48 /* Frameworks */ = {
			isa = PBXFrameworksBuildPhase;
			buildActionMask = 2147483647;
			files = (
			);
			runOnlyForDeploymentPostprocessing = 0;
		};
/* End PBXFrameworksBuildPhase section */

/* Begin PBXGroup section */
		00F25DCAA410BB0C955947D3 /* Frameworks */ = {
			isa = PBXGroup;
			children = (
				884FD051A617D23C4D2CF3F3 /* Pods_PureFocus.framework */,
				3CA304FB2BAB9384A7DE40A4 /* Pods_PureFocusTests.framework */,
			);
			name = Frameworks;
			sourceTree = "<group>";
		};
		990D9AF80E08A7D6B4484173 /* Pods */ = {
			isa = PBXGroup;
			children = (
				210E143097E2E7FCDDBA95D4 /* Pods-PureFocus.debug.xcconfig */,
				69F7F08ECF97C5239834F54F /* Pods-PureFocus.release.xcconfig */,
				FAC323786DA0AC9983D63AC8 /* Pods-PureFocusTests.debug.xcconfig */,
				1A5CA97BAEE4A7275EA68BF9 /* Pods-PureFocusTests.release.xcconfig */,
			);
			name = Pods;
			sourceTree = "<group>";
		};
		C53616B81F47686A004DDA48 = {
			isa = PBXGroup;
			children = (
				C53616C31F47686A004DDA48 /* PureFocus */,
				C53616D81F47686A004DDA48 /* PureFocusTests */,
				C53616EF1F4769BF004DDA48 /* CallManager */,
				C53616C21F47686A004DDA48 /* Products */,
				990D9AF80E08A7D6B4484173 /* Pods */,
				00F25DCAA410BB0C955947D3 /* Frameworks */,
			);
			sourceTree = "<group>";
		};
		C53616C21F47686A004DDA48 /* Products */ = {
			isa = PBXGroup;
			children = (
				C53616C11F47686A004DDA48 /* PureFocus.app */,
				C53616D51F47686A004DDA48 /* PureFocusTests.xctest */,
				C53616EE1F4769BF004DDA48 /* CallManager.appex */,
			);
			name = Products;
			sourceTree = "<group>";
		};
		C53616C31F47686A004DDA48 /* PureFocus */ = {
			isa = PBXGroup;
			children = (
				C5F459BB1F6C24EA00586F63 /* PureFocus.entitlements */,
				C53616C41F47686A004DDA48 /* AppDelegate.swift */,
				C5617A8D1F75D27F001AA52B /* Alamo.swift */,
				C53616E61F476935004DDA48 /* MainViewController.swift */,
				C5617A951F7999E5001AA52B /* WhiteListVC.swift */,
				C5635CE71F83C4DA001FBEF4 /* Extensions.swift */,
				C5617A931F798733001AA52B /* AppState.swift */,
				C5617A8F1F767F99001AA52B /* BluetoothDevice.swift */,
				C5635CE51F83C3A9001FBEF4 /* AccountViewController.swift */,
				C5617A911F78160A001AA52B /* User.swift */,
				C55498931F47745400103CE8 /* BeaconViewController.swift */,
				C5350B451F7B5C5B006853F6 /* SyncedDeviceCell.swift */,
				C53616E81F476960004DDA48 /* Assets.xcassets */,
				C53616E41F47691E004DDA48 /* Main.storyboard */,
				C5635CE31F83C319001FBEF4 /* Account.storyboard */,
				C5635CE11F82CA73001FBEF4 /* Beacon.storyboard */,
				C53616CD1F47686A004DDA48 /* LaunchScreen.storyboard */,
				C53616D01F47686A004DDA48 /* Info.plist */,
				C53616FC1F476AD9004DDA48 /* 911.png */,
				C53616FA1F476AC1004DDA48 /* LOGO Blue.png */,
			);
			path = PureFocus;
			sourceTree = "<group>";
		};
		C53616D81F47686A004DDA48 /* PureFocusTests */ = {
			isa = PBXGroup;
			children = (
				C53616D91F47686A004DDA48 /* PureFocusTests.swift */,
				C53616DB1F47686A004DDA48 /* Info.plist */,
			);
			path = PureFocusTests;
			sourceTree = "<group>";
		};
		C53616EF1F4769BF004DDA48 /* CallManager */ = {
			isa = PBXGroup;
			children = (
				C53616F01F4769BF004DDA48 /* CallDirectoryHandler.swift */,
				C53616F21F4769BF004DDA48 /* Info.plist */,
			);
			path = CallManager;
			sourceTree = "<group>";
		};
/* End PBXGroup section */

/* Begin PBXNativeTarget section */
		C53616C01F47686A004DDA48 /* PureFocus */ = {
			isa = PBXNativeTarget;
			buildConfigurationList = C53616DE1F47686A004DDA48 /* Build configuration list for PBXNativeTarget "PureFocus" */;
			buildPhases = (
				D48932524F8BB10C231541F6 /* [CP] Check Pods Manifest.lock */,
				C53616BD1F47686A004DDA48 /* Sources */,
				C53616BE1F47686A004DDA48 /* Frameworks */,
				C53616BF1F47686A004DDA48 /* Resources */,
				C53616F91F4769BF004DDA48 /* Embed App Extensions */,
				2A1F154DA564B39972EE0194 /* [CP] Embed Pods Frameworks */,
				94ABAA9018942DEC1BECA963 /* [CP] Copy Pods Resources */,
			);
			buildRules = (
			);
			dependencies = (
				C53616F41F4769BF004DDA48 /* PBXTargetDependency */,
			);
			name = PureFocus;
			productName = PureFocus;
			productReference = C53616C11F47686A004DDA48 /* PureFocus.app */;
			productType = "com.apple.product-type.application";
		};
		C53616D41F47686A004DDA48 /* PureFocusTests */ = {
			isa = PBXNativeTarget;
			buildConfigurationList = C53616E11F47686A004DDA48 /* Build configuration list for PBXNativeTarget "PureFocusTests" */;
			buildPhases = (
				2D5DEA8F2EF6EA429BE23A81 /* [CP] Check Pods Manifest.lock */,
				C53616D11F47686A004DDA48 /* Sources */,
				C53616D21F47686A004DDA48 /* Frameworks */,
				C53616D31F47686A004DDA48 /* Resources */,
				63597F21E2958F63E51C3A1B /* [CP] Embed Pods Frameworks */,
				DD8CD0DCE9CCAEBD2711CA33 /* [CP] Copy Pods Resources */,
			);
			buildRules = (
			);
			dependencies = (
				C53616D71F47686A004DDA48 /* PBXTargetDependency */,
			);
			name = PureFocusTests;
			productName = PureFocusTests;
			productReference = C53616D51F47686A004DDA48 /* PureFocusTests.xctest */;
			productType = "com.apple.product-type.bundle.unit-test";
		};
		C53616ED1F4769BF004DDA48 /* CallManager */ = {
			isa = PBXNativeTarget;
			buildConfigurationList = C53616F61F4769BF004DDA48 /* Build configuration list for PBXNativeTarget "CallManager" */;
			buildPhases = (
				C53616EA1F4769BF004DDA48 /* Sources */,
				C53616EB1F4769BF004DDA48 /* Frameworks */,
				C53616EC1F4769BF004DDA48 /* Resources */,
			);
			buildRules = (
			);
			dependencies = (
			);
			name = CallManager;
			productName = CallManager;
			productReference = C53616EE1F4769BF004DDA48 /* CallManager.appex */;
			productType = "com.apple.product-type.app-extension";
		};
/* End PBXNativeTarget section */

/* Begin PBXProject section */
		C53616B91F47686A004DDA48 /* Project object */ = {
			isa = PBXProject;
			attributes = {
				LastSwiftUpdateCheck = 0830;
				LastUpgradeCheck = 0830;
				ORGANIZATIONNAME = "Ryan Dines";
				TargetAttributes = {
					C53616C01F47686A004DDA48 = {
						CreatedOnToolsVersion = 8.3.3;
						DevelopmentTeam = 35WYFGA6T2;
						ProvisioningStyle = Automatic;
						SystemCapabilities = {
							com.apple.ApplicationGroups.iOS = {
								enabled = 1;
							};
						};
					};
					C53616D41F47686A004DDA48 = {
						CreatedOnToolsVersion = 8.3.3;
						DevelopmentTeam = 35WYFGA6T2;
						ProvisioningStyle = Automatic;
						TestTargetID = C53616C01F47686A004DDA48;
					};
					C53616ED1F4769BF004DDA48 = {
						CreatedOnToolsVersion = 8.3.3;
						DevelopmentTeam = 35WYFGA6T2;
						ProvisioningStyle = Automatic;
					};
				};
			};
			buildConfigurationList = C53616BC1F47686A004DDA48 /* Build configuration list for PBXProject "PureFocus" */;
			compatibilityVersion = "Xcode 3.2";
			developmentRegion = English;
			hasScannedForEncodings = 0;
			knownRegions = (
				en,
				Base,
			);
			mainGroup = C53616B81F47686A004DDA48;
			productRefGroup = C53616C21F47686A004DDA48 /* Products */;
			projectDirPath = "";
			projectRoot = "";
			targets = (
				C53616C01F47686A004DDA48 /* PureFocus */,
				C53616D41F47686A004DDA48 /* PureFocusTests */,
				C53616ED1F4769BF004DDA48 /* CallManager */,
			);
		};
/* End PBXProject section */

/* Begin PBXResourcesBuildPhase section */
		C53616BF1F47686A004DDA48 /* Resources */ = {
			isa = PBXResourcesBuildPhase;
			buildActionMask = 2147483647;
			files = (
				C53616E51F47691E004DDA48 /* Main.storyboard in Resources */,
				C53616FD1F476AD9004DDA48 /* 911.png in Resources */,
				C5635CE21F82CA73001FBEF4 /* Beacon.storyboard in Resources */,
				C53616FB1F476AC1004DDA48 /* LOGO Blue.png in Resources */,
				C53616E91F476960004DDA48 /* Assets.xcassets in Resources */,
				C53616CF1F47686A004DDA48 /* LaunchScreen.storyboard in Resources */,
				C5635CE41F83C319001FBEF4 /* Account.storyboard in Resources */,
			);
			runOnlyForDeploymentPostprocessing = 0;
		};
		C53616D31F47686A004DDA48 /* Resources */ = {
			isa = PBXResourcesBuildPhase;
			buildActionMask = 2147483647;
			files = (
			);
			runOnlyForDeploymentPostprocessing = 0;
		};
		C53616EC1F4769BF004DDA48 /* Resources */ = {
			isa = PBXResourcesBuildPhase;
			buildActionMask = 2147483647;
			files = (
			);
			runOnlyForDeploymentPostprocessing = 0;
		};
/* End PBXResourcesBuildPhase section */

/* Begin PBXShellScriptBuildPhase section */
		2A1F154DA564B39972EE0194 /* [CP] Embed Pods Frameworks */ = {
			isa = PBXShellScriptBuildPhase;
			buildActionMask = 2147483647;
			files = (
			);
			inputPaths = (
			);
			name = "[CP] Embed Pods Frameworks";
			outputPaths = (
			);
			runOnlyForDeploymentPostprocessing = 0;
			shellPath = /bin/sh;
			shellScript = "\"${SRCROOT}/Pods/Target Support Files/Pods-PureFocus/Pods-PureFocus-frameworks.sh\"\n";
			showEnvVarsInLog = 0;
		};
		2D5DEA8F2EF6EA429BE23A81 /* [CP] Check Pods Manifest.lock */ = {
			isa = PBXShellScriptBuildPhase;
			buildActionMask = 2147483647;
			files = (
			);
			inputPaths = (
			);
			name = "[CP] Check Pods Manifest.lock";
			outputPaths = (
			);
			runOnlyForDeploymentPostprocessing = 0;
			shellPath = /bin/sh;
			shellScript = "diff \"${PODS_PODFILE_DIR_PATH}/Podfile.lock\" \"${PODS_ROOT}/Manifest.lock\" > /dev/null\nif [ $? != 0 ] ; then\n    # print error to STDERR\n    echo \"error: The sandbox is not in sync with the Podfile.lock. Run 'pod install' or update your CocoaPods installation.\" >&2\n    exit 1\nfi\n";
			showEnvVarsInLog = 0;
		};
		63597F21E2958F63E51C3A1B /* [CP] Embed Pods Frameworks */ = {
			isa = PBXShellScriptBuildPhase;
			buildActionMask = 2147483647;
			files = (
			);
			inputPaths = (
			);
			name = "[CP] Embed Pods Frameworks";
			outputPaths = (
			);
			runOnlyForDeploymentPostprocessing = 0;
			shellPath = /bin/sh;
			shellScript = "\"${SRCROOT}/Pods/Target Support Files/Pods-PureFocusTests/Pods-PureFocusTests-frameworks.sh\"\n";
			showEnvVarsInLog = 0;
		};
		94ABAA9018942DEC1BECA963 /* [CP] Copy Pods Resources */ = {
			isa = PBXShellScriptBuildPhase;
			buildActionMask = 2147483647;
			files = (
			);
			inputPaths = (
			);
			name = "[CP] Copy Pods Resources";
			outputPaths = (
			);
			runOnlyForDeploymentPostprocessing = 0;
			shellPath = /bin/sh;
			shellScript = "\"${SRCROOT}/Pods/Target Support Files/Pods-PureFocus/Pods-PureFocus-resources.sh\"\n";
			showEnvVarsInLog = 0;
		};
		D48932524F8BB10C231541F6 /* [CP] Check Pods Manifest.lock */ = {
			isa = PBXShellScriptBuildPhase;
			buildActionMask = 2147483647;
			files = (
			);
			inputPaths = (
			);
			name = "[CP] Check Pods Manifest.lock";
			outputPaths = (
			);
			runOnlyForDeploymentPostprocessing = 0;
			shellPath = /bin/sh;
			shellScript = "diff \"${PODS_PODFILE_DIR_PATH}/Podfile.lock\" \"${PODS_ROOT}/Manifest.lock\" > /dev/null\nif [ $? != 0 ] ; then\n    # print error to STDERR\n    echo \"error: The sandbox is not in sync with the Podfile.lock. Run 'pod install' or update your CocoaPods installation.\" >&2\n    exit 1\nfi\n";
			showEnvVarsInLog = 0;
		};
		DD8CD0DCE9CCAEBD2711CA33 /* [CP] Copy Pods Resources */ = {
			isa = PBXShellScriptBuildPhase;
			buildActionMask = 2147483647;
			files = (
			);
			inputPaths = (
			);
			name = "[CP] Copy Pods Resources";
			outputPaths = (
			);
			runOnlyForDeploymentPostprocessing = 0;
			shellPath = /bin/sh;
			shellScript = "\"${SRCROOT}/Pods/Target Support Files/Pods-PureFocusTests/Pods-PureFocusTests-resources.sh\"\n";
			showEnvVarsInLog = 0;
		};
/* End PBXShellScriptBuildPhase section */

/* Begin PBXSourcesBuildPhase section */
		C53616BD1F47686A004DDA48 /* Sources */ = {
			isa = PBXSourcesBuildPhase;
			buildActionMask = 2147483647;
			files = (
				C5617A8E1F75D27F001AA52B /* Alamo.swift in Sources */,
				C5617A901F767F99001AA52B /* BluetoothDevice.swift in Sources */,
				C5617A941F798733001AA52B /* AppState.swift in Sources */,
				C5350B461F7B5C5B006853F6 /* SyncedDeviceCell.swift in Sources */,
				C5617A921F78160A001AA52B /* User.swift in Sources */,
				C53616C51F47686A004DDA48 /* AppDelegate.swift in Sources */,
				C5635CE61F83C3A9001FBEF4 /* AccountViewController.swift in Sources */,
				C55498941F47745400103CE8 /* BeaconViewController.swift in Sources */,
				C53616E71F476935004DDA48 /* MainViewController.swift in Sources */,
				C5635CE81F83C4DA001FBEF4 /* Extensions.swift in Sources */,
				C5617A961F7999E5001AA52B /* WhiteListVC.swift in Sources */,
			);
			runOnlyForDeploymentPostprocessing = 0;
		};
		C53616D11F47686A004DDA48 /* Sources */ = {
			isa = PBXSourcesBuildPhase;
			buildActionMask = 2147483647;
			files = (
				C53616DA1F47686A004DDA48 /* PureFocusTests.swift in Sources */,
			);
			runOnlyForDeploymentPostprocessing = 0;
		};
		C53616EA1F4769BF004DDA48 /* Sources */ = {
			isa = PBXSourcesBuildPhase;
			buildActionMask = 2147483647;
			files = (
				C53616F11F4769BF004DDA48 /* CallDirectoryHandler.swift in Sources */,
			);
			runOnlyForDeploymentPostprocessing = 0;
		};
/* End PBXSourcesBuildPhase section */

/* Begin PBXTargetDependency section */
		C53616D71F47686A004DDA48 /* PBXTargetDependency */ = {
			isa = PBXTargetDependency;
			target = C53616C01F47686A004DDA48 /* PureFocus */;
			targetProxy = C53616D61F47686A004DDA48 /* PBXContainerItemProxy */;
		};
		C53616F41F4769BF004DDA48 /* PBXTargetDependency */ = {
			isa = PBXTargetDependency;
			target = C53616ED1F4769BF004DDA48 /* CallManager */;
			targetProxy = C53616F31F4769BF004DDA48 /* PBXContainerItemProxy */;
		};
/* End PBXTargetDependency section */

/* Begin PBXVariantGroup section */
		C53616CD1F47686A004DDA48 /* LaunchScreen.storyboard */ = {
			isa = PBXVariantGroup;
			children = (
				C53616CE1F47686A004DDA48 /* Base */,
			);
			name = LaunchScreen.storyboard;
			sourceTree = "<group>";
		};
/* End PBXVariantGroup section */

/* Begin XCBuildConfiguration section */
		C53616DC1F47686A004DDA48 /* Debug */ = {
			isa = XCBuildConfiguration;
			buildSettings = {
				ALWAYS_SEARCH_USER_PATHS = NO;
				CLANG_ANALYZER_NONNULL = YES;
				CLANG_ANALYZER_NUMBER_OBJECT_CONVERSION = YES_AGGRESSIVE;
				CLANG_CXX_LANGUAGE_STANDARD = "gnu++0x";
				CLANG_CXX_LIBRARY = "libc++";
				CLANG_ENABLE_MODULES = YES;
				CLANG_ENABLE_OBJC_ARC = YES;
				CLANG_WARN_BOOL_CONVERSION = YES;
				CLANG_WARN_CONSTANT_CONVERSION = YES;
				CLANG_WARN_DIRECT_OBJC_ISA_USAGE = YES_ERROR;
				CLANG_WARN_DOCUMENTATION_COMMENTS = YES;
				CLANG_WARN_EMPTY_BODY = YES;
				CLANG_WARN_ENUM_CONVERSION = YES;
				CLANG_WARN_INFINITE_RECURSION = YES;
				CLANG_WARN_INT_CONVERSION = YES;
				CLANG_WARN_OBJC_ROOT_CLASS = YES_ERROR;
				CLANG_WARN_SUSPICIOUS_MOVE = YES;
				CLANG_WARN_UNREACHABLE_CODE = YES;
				CLANG_WARN__DUPLICATE_METHOD_MATCH = YES;
				"CODE_SIGN_IDENTITY[sdk=iphoneos*]" = "iPhone Developer";
				COPY_PHASE_STRIP = NO;
				DEBUG_INFORMATION_FORMAT = dwarf;
				ENABLE_STRICT_OBJC_MSGSEND = YES;
				ENABLE_TESTABILITY = YES;
				GCC_C_LANGUAGE_STANDARD = gnu99;
				GCC_DYNAMIC_NO_PIC = NO;
				GCC_NO_COMMON_BLOCKS = YES;
				GCC_OPTIMIZATION_LEVEL = 0;
				GCC_PREPROCESSOR_DEFINITIONS = (
					"DEBUG=1",
					"$(inherited)",
				);
				GCC_WARN_64_TO_32_BIT_CONVERSION = YES;
				GCC_WARN_ABOUT_RETURN_TYPE = YES_ERROR;
				GCC_WARN_UNDECLARED_SELECTOR = YES;
				GCC_WARN_UNINITIALIZED_AUTOS = YES_AGGRESSIVE;
				GCC_WARN_UNUSED_FUNCTION = YES;
				GCC_WARN_UNUSED_VARIABLE = YES;
				IPHONEOS_DEPLOYMENT_TARGET = 10.3;
				MTL_ENABLE_DEBUG_INFO = YES;
				ONLY_ACTIVE_ARCH = YES;
				SDKROOT = iphoneos;
				SWIFT_ACTIVE_COMPILATION_CONDITIONS = DEBUG;
				SWIFT_OPTIMIZATION_LEVEL = "-Onone";
				TARGETED_DEVICE_FAMILY = "1,2";
			};
			name = Debug;
		};
		C53616DD1F47686A004DDA48 /* Release */ = {
			isa = XCBuildConfiguration;
			buildSettings = {
				ALWAYS_SEARCH_USER_PATHS = NO;
				CLANG_ANALYZER_NONNULL = YES;
				CLANG_ANALYZER_NUMBER_OBJECT_CONVERSION = YES_AGGRESSIVE;
				CLANG_CXX_LANGUAGE_STANDARD = "gnu++0x";
				CLANG_CXX_LIBRARY = "libc++";
				CLANG_ENABLE_MODULES = YES;
				CLANG_ENABLE_OBJC_ARC = YES;
				CLANG_WARN_BOOL_CONVERSION = YES;
				CLANG_WARN_CONSTANT_CONVERSION = YES;
				CLANG_WARN_DIRECT_OBJC_ISA_USAGE = YES_ERROR;
				CLANG_WARN_DOCUMENTATION_COMMENTS = YES;
				CLANG_WARN_EMPTY_BODY = YES;
				CLANG_WARN_ENUM_CONVERSION = YES;
				CLANG_WARN_INFINITE_RECURSION = YES;
				CLANG_WARN_INT_CONVERSION = YES;
				CLANG_WARN_OBJC_ROOT_CLASS = YES_ERROR;
				CLANG_WARN_SUSPICIOUS_MOVE = YES;
				CLANG_WARN_UNREACHABLE_CODE = YES;
				CLANG_WARN__DUPLICATE_METHOD_MATCH = YES;
				"CODE_SIGN_IDENTITY[sdk=iphoneos*]" = "iPhone Developer";
				COPY_PHASE_STRIP = NO;
				DEBUG_INFORMATION_FORMAT = "dwarf-with-dsym";
				ENABLE_NS_ASSERTIONS = NO;
				ENABLE_STRICT_OBJC_MSGSEND = YES;
				GCC_C_LANGUAGE_STANDARD = gnu99;
				GCC_NO_COMMON_BLOCKS = YES;
				GCC_WARN_64_TO_32_BIT_CONVERSION = YES;
				GCC_WARN_ABOUT_RETURN_TYPE = YES_ERROR;
				GCC_WARN_UNDECLARED_SELECTOR = YES;
				GCC_WARN_UNINITIALIZED_AUTOS = YES_AGGRESSIVE;
				GCC_WARN_UNUSED_FUNCTION = YES;
				GCC_WARN_UNUSED_VARIABLE = YES;
				IPHONEOS_DEPLOYMENT_TARGET = 10.3;
				MTL_ENABLE_DEBUG_INFO = NO;
				SDKROOT = iphoneos;
				SWIFT_OPTIMIZATION_LEVEL = "-Owholemodule";
				TARGETED_DEVICE_FAMILY = "1,2";
				VALIDATE_PRODUCT = YES;
			};
			name = Release;
		};
		C53616DF1F47686A004DDA48 /* Debug */ = {
			isa = XCBuildConfiguration;
			baseConfigurationReference = 210E143097E2E7FCDDBA95D4 /* Pods-PureFocus.debug.xcconfig */;
			buildSettings = {
				ALWAYS_EMBED_SWIFT_STANDARD_LIBRARIES = YES;
				ASSETCATALOG_COMPILER_APPICON_NAME = AppIcon;
				CODE_SIGN_ENTITLEMENTS = PureFocus/PureFocus.entitlements;
				DEVELOPMENT_TEAM = 35WYFGA6T2;
				INFOPLIST_FILE = PureFocus/Info.plist;
				LD_RUNPATH_SEARCH_PATHS = "$(inherited) @executable_path/Frameworks";
				PRODUCT_BUNDLE_IDENTIFIER = com.dimez.PureFocus;
				PRODUCT_NAME = "$(TARGET_NAME)";
				SWIFT_VERSION = 3.0;
			};
			name = Debug;
		};
		C53616E01F47686A004DDA48 /* Release */ = {
			isa = XCBuildConfiguration;
			baseConfigurationReference = 69F7F08ECF97C5239834F54F /* Pods-PureFocus.release.xcconfig */;
			buildSettings = {
				ALWAYS_EMBED_SWIFT_STANDARD_LIBRARIES = YES;
				ASSETCATALOG_COMPILER_APPICON_NAME = AppIcon;
				CODE_SIGN_ENTITLEMENTS = PureFocus/PureFocus.entitlements;
				DEVELOPMENT_TEAM = 35WYFGA6T2;
				INFOPLIST_FILE = PureFocus/Info.plist;
				LD_RUNPATH_SEARCH_PATHS = "$(inherited) @executable_path/Frameworks";
				PRODUCT_BUNDLE_IDENTIFIER = com.dimez.PureFocus;
				PRODUCT_NAME = "$(TARGET_NAME)";
				SWIFT_VERSION = 3.0;
			};
			name = Release;
		};
		C53616E21F47686A004DDA48 /* Debug */ = {
			isa = XCBuildConfiguration;
			baseConfigurationReference = FAC323786DA0AC9983D63AC8 /* Pods-PureFocusTests.debug.xcconfig */;
			buildSettings = {
				ALWAYS_EMBED_SWIFT_STANDARD_LIBRARIES = YES;
				BUNDLE_LOADER = "$(TEST_HOST)";
				DEVELOPMENT_TEAM = 35WYFGA6T2;
				INFOPLIST_FILE = PureFocusTests/Info.plist;
				LD_RUNPATH_SEARCH_PATHS = "$(inherited) @executable_path/Frameworks @loader_path/Frameworks";
				PRODUCT_BUNDLE_IDENTIFIER = com.dimez.PureFocusTests;
				PRODUCT_NAME = "$(TARGET_NAME)";
				SWIFT_VERSION = 3.0;
				TEST_HOST = "$(BUILT_PRODUCTS_DIR)/PureFocus.app/PureFocus";
			};
			name = Debug;
		};
		C53616E31F47686A004DDA48 /* Release */ = {
			isa = XCBuildConfiguration;
			baseConfigurationReference = 1A5CA97BAEE4A7275EA68BF9 /* Pods-PureFocusTests.release.xcconfig */;
			buildSettings = {
				ALWAYS_EMBED_SWIFT_STANDARD_LIBRARIES = YES;
				BUNDLE_LOADER = "$(TEST_HOST)";
				DEVELOPMENT_TEAM = 35WYFGA6T2;
				INFOPLIST_FILE = PureFocusTests/Info.plist;
				LD_RUNPATH_SEARCH_PATHS = "$(inherited) @executable_path/Frameworks @loader_path/Frameworks";
				PRODUCT_BUNDLE_IDENTIFIER = com.dimez.PureFocusTests;
				PRODUCT_NAME = "$(TARGET_NAME)";
				SWIFT_VERSION = 3.0;
				TEST_HOST = "$(BUILT_PRODUCTS_DIR)/PureFocus.app/PureFocus";
			};
			name = Release;
		};
		C53616F71F4769BF004DDA48 /* Debug */ = {
			isa = XCBuildConfiguration;
			buildSettings = {
				ARCHS = "$(ARCHS_STANDARD_64_BIT)";
				DEVELOPMENT_TEAM = 35WYFGA6T2;
				INFOPLIST_FILE = CallManager/Info.plist;
				LD_RUNPATH_SEARCH_PATHS = "$(inherited) @executable_path/Frameworks @executable_path/../../Frameworks";
				PRODUCT_BUNDLE_IDENTIFIER = com.dimez.PureFocus.CallManager;
				PRODUCT_NAME = "$(TARGET_NAME)";
				SKIP_INSTALL = YES;
				SWIFT_VERSION = 3.0;
			};
			name = Debug;
		};
		C53616F81F4769BF004DDA48 /* Release */ = {
			isa = XCBuildConfiguration;
			buildSettings = {
				ARCHS = "$(ARCHS_STANDARD_64_BIT)";
				DEVELOPMENT_TEAM = 35WYFGA6T2;
				INFOPLIST_FILE = CallManager/Info.plist;
				LD_RUNPATH_SEARCH_PATHS = "$(inherited) @executable_path/Frameworks @executable_path/../../Frameworks";
				PRODUCT_BUNDLE_IDENTIFIER = com.dimez.PureFocus.CallManager;
				PRODUCT_NAME = "$(TARGET_NAME)";
				SKIP_INSTALL = YES;
				SWIFT_VERSION = 3.0;
			};
			name = Release;
		};
/* End XCBuildConfiguration section */

/* Begin XCConfigurationList section */
		C53616BC1F47686A004DDA48 /* Build configuration list for PBXProject "PureFocus" */ = {
			isa = XCConfigurationList;
			buildConfigurations = (
				C53616DC1F47686A004DDA48 /* Debug */,
				C53616DD1F47686A004DDA48 /* Release */,
			);
			defaultConfigurationIsVisible = 0;
			defaultConfigurationName = Release;
		};
		C53616DE1F47686A004DDA48 /* Build configuration list for PBXNativeTarget "PureFocus" */ = {
			isa = XCConfigurationList;
			buildConfigurations = (
				C53616DF1F47686A004DDA48 /* Debug */,
				C53616E01F47686A004DDA48 /* Release */,
			);
			defaultConfigurationIsVisible = 0;
			defaultConfigurationName = Release;
		};
		C53616E11F47686A004DDA48 /* Build configuration list for PBXNativeTarget "PureFocusTests" */ = {
			isa = XCConfigurationList;
			buildConfigurations = (
				C53616E21F47686A004DDA48 /* Debug */,
				C53616E31F47686A004DDA48 /* Release */,
			);
			defaultConfigurationIsVisible = 0;
			defaultConfigurationName = Release;
		};
		C53616F61F4769BF004DDA48 /* Build configuration list for PBXNativeTarget "CallManager" */ = {
			isa = XCConfigurationList;
			buildConfigurations = (
				C53616F71F4769BF004DDA48 /* Debug */,
				C53616F81F4769BF004DDA48 /* Release */,
			);
			defaultConfigurationIsVisible = 0;
			defaultConfigurationName = Release;
		};
/* End XCConfigurationList section */
	};
	rootObject = C53616B91F47686A004DDA48 /* Project object */;
}
